
Microsoft Visual Studio Solution File, Format Version 12.00
# Visual Studio 14
VisualStudioVersion = 14.0.24720.0
MinimumVisualStudioVersion = 10.0.40219.1
Project("{FAE04EC0-301F-11D3-BF4B-00C04F79EFBC}") = "Nuntius", "Nuntius\Nuntius.csproj", "{B5368EB1-708C-47BA-A681-62EB7F2AB68B}"
EndProject
Project("{FAE04EC0-301F-11D3-BF4B-00C04F79EFBC}") = "Nuntius.Tests", "Nuntius.Tests\Nuntius.Tests.csproj", "{16AC1BE3-045C-425E-AA65-B86853400550}"
EndProject
Project("{FAE04EC0-301F-11D3-BF4B-00C04F79EFBC}") = "Nuntius.Azure.Integration", "Nuntius.Azure.Integration\Nuntius.Azure.Integration.csproj", "{9E78D7AD-8EC8-4980-BBBB-41A0A2E2936A}"
EndProject
Project("{FAE04EC0-301F-11D3-BF4B-00C04F79EFBC}") = "Playground", "Playground\Playground.csproj", "{00C11363-31CF-4CC7-B919-6C2585FAEC2E}"
EndProject
Global
	GlobalSection(SolutionConfigurationPlatforms) = preSolution
		Debug|Any CPU = Debug|Any CPU
		Release|Any CPU = Release|Any CPU
	EndGlobalSection
	GlobalSection(ProjectConfigurationPlatforms) = postSolution
		{B5368EB1-708C-47BA-A681-62EB7F2AB68B}.Debug|Any CPU.ActiveCfg = Debug|Any CPU
		{B5368EB1-708C-47BA-A681-62EB7F2AB68B}.Debug|Any CPU.Build.0 = Debug|Any CPU
		{B5368EB1-708C-47BA-A681-62EB7F2AB68B}.Release|Any CPU.ActiveCfg = Release|Any CPU
		{B5368EB1-708C-47BA-A681-62EB7F2AB68B}.Release|Any CPU.Build.0 = Release|Any CPU
		{16AC1BE3-045C-425E-AA65-B86853400550}.Debug|Any CPU.ActiveCfg = Debug|Any CPU
		{16AC1BE3-045C-425E-AA65-B86853400550}.Debug|Any CPU.Build.0 = Debug|Any CPU
		{16AC1BE3-045C-425E-AA65-B86853400550}.Release|Any CPU.ActiveCfg = Release|Any CPU
		{16AC1BE3-045C-425E-AA65-B86853400550}.Release|Any CPU.Build.0 = Release|Any CPU
		{9E78D7AD-8EC8-4980-BBBB-41A0A2E2936A}.Debug|Any CPU.ActiveCfg = Debug|Any CPU
		{9E78D7AD-8EC8-4980-BBBB-41A0A2E2936A}.Debug|Any CPU.Build.0 = Debug|Any CPU
		{9E78D7AD-8EC8-4980-BBBB-41A0A2E2936A}.Release|Any CPU.ActiveCfg = Release|Any CPU
		{9E78D7AD-8EC8-4980-BBBB-41A0A2E2936A}.Release|Any CPU.Build.0 = Release|Any CPU
		{00C11363-31CF-4CC7-B919-6C2585FAEC2E}.Debug|Any CPU.ActiveCfg = Debug|Any CPU
		{00C11363-31CF-4CC7-B919-6C2585FAEC2E}.Debug|Any CPU.Build.0 = Debug|Any CPU
		{00C11363-31CF-4CC7-B919-6C2585FAEC2E}.Release|Any CPU.ActiveCfg = Release|Any CPU
		{00C11363-31CF-4CC7-B919-6C2585FAEC2E}.Release|Any CPU.Build.0 = Release|Any CPU
	EndGlobalSection
	GlobalSection(SolutionProperties) = preSolution
		HideSolutionNode = FALSE
	EndGlobalSection
EndGlobal
